
Microsoft Visual Studio Solution File, Format Version 12.00
# Visual Studio 15
VisualStudioVersion = 15.0.27130.2036
MinimumVisualStudioVersion = 10.0.40219.1
Project("{FAE04EC0-301F-11D3-BF4B-00C04F79EFBC}") = "NeuralNet", "NeuralNet\NeuralNet.csproj", "{BE7F2091-065B-417C-AC70-B4FD90B73965}"
EndProject
Global
	GlobalSection(SolutionConfigurationPlatforms) = preSolution
		Debug|Any CPU = Debug|Any CPU
		Release|Any CPU = Release|Any CPU
	EndGlobalSection
	GlobalSection(ProjectConfigurationPlatforms) = postSolution
		{BE7F2091-065B-417C-AC70-B4FD90B73965}.Debug|Any CPU.ActiveCfg = Debug|Any CPU
		{BE7F2091-065B-417C-AC70-B4FD90B73965}.Debug|Any CPU.Build.0 = Debug|Any CPU
		{BE7F2091-065B-417C-AC70-B4FD90B73965}.Release|Any CPU.ActiveCfg = Release|Any CPU
		{BE7F2091-065B-417C-AC70-B4FD90B73965}.Release|Any CPU.Build.0 = Release|Any CPU
	EndGlobalSection
	GlobalSection(SolutionProperties) = preSolution
		HideSolutionNode = FALSE
	EndGlobalSection
	GlobalSection(ExtensibilityGlobals) = postSolution
		SolutionGuid = {DD349515-237C-49E1-94E7-7BC192B4190E}
	EndGlobalSection
EndGlobal
